# This file is machine-generated by `gh actions-lock`.
# Do not edit by hand; run `gh actions-lock` to update.
# Docs: https://gh.io/actions-lockfile
version: 'v0.0.2'
workflows:
    '.github/workflows/ci.yml':
        - 'actions/checkout@3d3c42e5aac5ba805825da76410c181273ba90b1'
    '.github/workflows/pages.yml':
        - 'actions/checkout@3d3c42e5aac5ba805825da76410c181273ba90b1'
        - 'actions/deploy-pages@cd2ce8fcbc39b97be8ca5fce6e763baed58fa128'
        - 'actions/upload-artifact@043fb46d1a93c77aae656e7c1c64a875d1fc6a0a'
dependencies:
    'actions/checkout@3d3c42e5aac5ba805825da76410c181273ba90b1':
        ref: 'v7.0.1'
        commit: 'sha1-3d3c42e5aac5ba805825da76410c181273ba90b1'
        owner_id: 44036562
        repo_id: 197814629
    'actions/deploy-pages@cd2ce8fcbc39b97be8ca5fce6e763baed58fa128':
        ref: 'v5.0.0'
        commit: 'sha1-cd2ce8fcbc39b97be8ca5fce6e763baed58fa128'
        owner_id: 44036562
        repo_id: 438112499
    'actions/upload-artifact@043fb46d1a93c77aae656e7c1c64a875d1fc6a0a':
        ref: 'v7.0.1'
        commit: 'sha1-043fb46d1a93c77aae656e7c1c64a875d1fc6a0a'
        owner_id: 44036562
        repo_id: 192625955
